// !$*UTF8*$!
{
	archiveVersion = 1;
	classes = {
	};
	objectVersion = 46;
	objects = {

/* Begin PBXBuildFile section */
		D9650F4C1A671D9700E141E2 /* AppDelegate.swift in Sources */ = {isa = PBXBuildFile; fileRef = D9650F4B1A671D9700E141E2 /* AppDelegate.swift */; };
		D9650F4E1A671D9700E141E2 /* ViewController.swift in Sources */ = {isa = PBXBuildFile; fileRef = D9650F4D1A671D9700E141E2 /* ViewController.swift */; };
		D9650F511A671D9700E141E2 /* Main.storyboard in Resources */ = {isa = PBXBuildFile; fileRef = D9650F4F1A671D9700E141E2 /* Main.storyboard */; };
		D9650F531A671D9800E141E2 /* Images.xcassets in Resources */ = {isa = PBXBuildFile; fileRef = D9650F521A671D9800E141E2 /* Images.xcassets */; };
		D9650F561A671D9800E141E2 /* LaunchScreen.xib in Resources */ = {isa = PBXBuildFile; fileRef = D9650F541A671D9800E141E2 /* LaunchScreen.xib */; };
		D9650F621A671D9800E141E2 /* InstaBaladaTests.swift in Sources */ = {isa = PBXBuildFile; fileRef = D9650F611A671D9800E141E2 /* InstaBaladaTests.swift */; };
		D9650F6D1A671DB500E141E2 /* Bolts.framework in Frameworks */ = {isa = PBXBuildFile; fileRef = D9650F6B1A671DB500E141E2 /* Bolts.framework */; };
		D9650F6E1A671DB500E141E2 /* Parse.framework in Frameworks */ = {isa = PBXBuildFile; fileRef = D9650F6C1A671DB500E141E2 /* Parse.framework */; };
		D9650F701A671DF200E141E2 /* AudioToolbox.framework in Frameworks */ = {isa = PBXBuildFile; fileRef = D9650F6F1A671DF200E141E2 /* AudioToolbox.framework */; };
		D9650F721A671DFD00E141E2 /* CFNetwork.framework in Frameworks */ = {isa = PBXBuildFile; fileRef = D9650F711A671DFD00E141E2 /* CFNetwork.framework */; };
		D9650F741A671E0E00E141E2 /* CoreGraphics.framework in Frameworks */ = {isa = PBXBuildFile; fileRef = D9650F731A671E0E00E141E2 /* CoreGraphics.framework */; };
		D9650F761A671E2200E141E2 /* CoreLocation.framework in Frameworks */ = {isa = PBXBuildFile; fileRef = D9650F751A671E2200E141E2 /* CoreLocation.framework */; };
		D9650F781A671E2C00E141E2 /* MobileCoreServices.framework in Frameworks */ = {isa = PBXBuildFile; fileRef = D9650F771A671E2C00E141E2 /* MobileCoreServices.framework */; };
		D9650F7A1A671E3700E141E2 /* QuartzCore.framework in Frameworks */ = {isa = PBXBuildFile; fileRef = D9650F791A671E3700E141E2 /* QuartzCore.framework */; };
		D9650F7C1A671E4E00E141E2 /* Security.framework in Frameworks */ = {isa = PBXBuildFile; fileRef = D9650F7B1A671E4E00E141E2 /* Security.framework */; };
		D9650F7E1A671E5700E141E2 /* StoreKit.framework in Frameworks */ = {isa = PBXBuildFile; fileRef = D9650F7D1A671E5700E141E2 /* StoreKit.framework */; };
		D9650F801A671E6100E141E2 /* SystemConfiguration.framework in Frameworks */ = {isa = PBXBuildFile; fileRef = D9650F7F1A671E6100E141E2 /* SystemConfiguration.framework */; };
		D9650F821A671E6B00E141E2 /* libz.dylib in Frameworks */ = {isa = PBXBuildFile; fileRef = D9650F811A671E6B00E141E2 /* libz.dylib */; };
		D9650F841A671E7900E141E2 /* libsqlite3.dylib in Frameworks */ = {isa = PBXBuildFile; fileRef = D9650F831A671E7900E141E2 /* libsqlite3.dylib */; };
/* End PBXBuildFile section */

/* Begin PBXContainerItemProxy section */
		D9650F5C1A671D9800E141E2 /* PBXContainerItemProxy */ = {
			isa = PBXContainerItemProxy;
			containerPortal = D9650F3E1A671D9700E141E2 /* Project object */;
			proxyType = 1;
			remoteGlobalIDString = D9650F451A671D9700E141E2;
			remoteInfo = InstaBalada;
		};
/* End PBXContainerItemProxy section */

/* Begin PBXFileReference section */
		D9650F461A671D9700E141E2 /* InstaBalada.app */ = {isa = PBXFileReference; explicitFileType = wrapper.application; includeInIndex = 0; path = InstaBalada.app; sourceTree = BUILT_PRODUCTS_DIR; };
		D9650F4A1A671D9700E141E2 /* Info.plist */ = {isa = PBXFileReference; lastKnownFileType = text.plist.xml; path = Info.plist; sourceTree = "<group>"; };
		D9650F4B1A671D9700E141E2 /* AppDelegate.swift */ = {isa = PBXFileReference; lastKnownFileType = sourcecode.swift; path = AppDelegate.swift; sourceTree = "<group>"; };
		D9650F4D1A671D9700E141E2 /* ViewController.swift */ = {isa = PBXFileReference; lastKnownFileType = sourcecode.swift; path = ViewController.swift; sourceTree = "<group>"; };
		D9650F501A671D9700E141E2 /* Base */ = {isa = PBXFileReference; lastKnownFileType = file.storyboard; name = Base; path = Base.lproj/Main.storyboard; sourceTree = "<group>"; };
		D9650F521A671D9800E141E2 /* Images.xcassets */ = {isa = PBXFileReference; lastKnownFileType = folder.assetcatalog; path = Images.xcassets; sourceTree = "<group>"; };
		D9650F551A671D9800E141E2 /* Base */ = {isa = PBXFileReference; lastKnownFileType = file.xib; name = Base; path = Base.lproj/LaunchScreen.xib; sourceTree = "<group>"; };
		D9650F5B1A671D9800E141E2 /* InstaBaladaTests.xctest */ = {isa = PBXFileReference; explicitFileType = wrapper.cfbundle; includeInIndex = 0; path = InstaBaladaTests.xctest; sourceTree = BUILT_PRODUCTS_DIR; };
		D9650F601A671D9800E141E2 /* Info.plist */ = {isa = PBXFileReference; lastKnownFileType = text.plist.xml; path = Info.plist; sourceTree = "<group>"; };
		D9650F611A671D9800E141E2 /* InstaBaladaTests.swift */ = {isa = PBXFileReference; lastKnownFileType = sourcecode.swift; path = InstaBaladaTests.swift; sourceTree = "<group>"; };
		D9650F6B1A671DB500E141E2 /* Bolts.framework */ = {isa = PBXFileReference; lastKnownFileType = wrapper.framework; path = Bolts.framework; sourceTree = "<group>"; };
		D9650F6C1A671DB500E141E2 /* Parse.framework */ = {isa = PBXFileReference; lastKnownFileType = wrapper.framework; path = Parse.framework; sourceTree = "<group>"; };
		D9650F6F1A671DF200E141E2 /* AudioToolbox.framework */ = {isa = PBXFileReference; lastKnownFileType = wrapper.framework; name = AudioToolbox.framework; path = System/Library/Frameworks/AudioToolbox.framework; sourceTree = SDKROOT; };
		D9650F711A671DFD00E141E2 /* CFNetwork.framework */ = {isa = PBXFileReference; lastKnownFileType = wrapper.framework; name = CFNetwork.framework; path = System/Library/Frameworks/CFNetwork.framework; sourceTree = SDKROOT; };
		D9650F731A671E0E00E141E2 /* CoreGraphics.framework */ = {isa = PBXFileReference; lastKnownFileType = wrapper.framework; name = CoreGraphics.framework; path = System/Library/Frameworks/CoreGraphics.framework; sourceTree = SDKROOT; };
		D9650F751A671E2200E141E2 /* CoreLocation.framework */ = {isa = PBXFileReference; lastKnownFileType = wrapper.framework; name = CoreLocation.framework; path = System/Library/Frameworks/CoreLocation.framework; sourceTree = SDKROOT; };
		D9650F771A671E2C00E141E2 /* MobileCoreServices.framework */ = {isa = PBXFileReference; lastKnownFileType = wrapper.framework; name = MobileCoreServices.framework; path = System/Library/Frameworks/MobileCoreServices.framework; sourceTree = SDKROOT; };
		D9650F791A671E3700E141E2 /* QuartzCore.framework */ = {isa = PBXFileReference; lastKnownFileType = wrapper.framework; name = QuartzCore.framework; path = System/Library/Frameworks/QuartzCore.framework; sourceTree = SDKROOT; };
		D9650F7B1A671E4E00E141E2 /* Security.framework */ = {isa = PBXFileReference; lastKnownFileType = wrapper.framework; name = Security.framework; path = System/Library/Frameworks/Security.framework; sourceTree = SDKROOT; };
		D9650F7D1A671E5700E141E2 /* StoreKit.framework */ = {isa = PBXFileReference; lastKnownFileType = wrapper.framework; name = StoreKit.framework; path = System/Library/Frameworks/StoreKit.framework; sourceTree = SDKROOT; };
		D9650F7F1A671E6100E141E2 /* SystemConfiguration.framework */ = {isa = PBXFileReference; lastKnownFileType = wrapper.framework; name = SystemConfiguration.framework; path = System/Library/Frameworks/SystemConfiguration.framework; sourceTree = SDKROOT; };
		D9650F811A671E6B00E141E2 /* libz.dylib */ = {isa = PBXFileReference; lastKnownFileType = "compiled.mach-o.dylib"; name = libz.dylib; path = usr/lib/libz.dylib; sourceTree = SDKROOT; };
		D9650F831A671E7900E141E2 /* libsqlite3.dylib */ = {isa = PBXFileReference; lastKnownFileType = "compiled.mach-o.dylib"; name = libsqlite3.dylib; path = usr/lib/libsqlite3.dylib; sourceTree = SDKROOT; };
		D9650F871A671EE700E141E2 /* InstaBalada-Bridging-Header.h */ = {isa = PBXFileReference; lastKnownFileType = sourcecode.c.h; path = "InstaBalada-Bridging-Header.h"; sourceTree = "<group>"; };
/* End PBXFileReference section */

/* Begin PBXFrameworksBuildPhase section */
		D9650F431A671D9700E141E2 /* Frameworks */ = {
			isa = PBXFrameworksBuildPhase;
			buildActionMask = 2147483647;
			files = (
				D9650F841A671E7900E141E2 /* libsqlite3.dylib in Frameworks */,
				D9650F821A671E6B00E141E2 /* libz.dylib in Frameworks */,
				D9650F801A671E6100E141E2 /* SystemConfiguration.framework in Frameworks */,
				D9650F7E1A671E5700E141E2 /* StoreKit.framework in Frameworks */,
				D9650F7C1A671E4E00E141E2 /* Security.framework in Frameworks */,
				D9650F7A1A671E3700E141E2 /* QuartzCore.framework in Frameworks */,
				D9650F781A671E2C00E141E2 /* MobileCoreServices.framework in Frameworks */,
				D9650F761A671E2200E141E2 /* CoreLocation.framework in Frameworks */,
				D9650F741A671E0E00E141E2 /* CoreGraphics.framework in Frameworks */,
				D9650F721A671DFD00E141E2 /* CFNetwork.framework in Frameworks */,
				D9650F701A671DF200E141E2 /* AudioToolbox.framework in Frameworks */,
				D9650F6E1A671DB500E141E2 /* Parse.framework in Frameworks */,
				D9650F6D1A671DB500E141E2 /* Bolts.framework in Frameworks */,
			);
			runOnlyForDeploymentPostprocessing = 0;
		};
		D9650F581A671D9800E141E2 /* Frameworks */ = {
			isa = PBXFrameworksBuildPhase;
			buildActionMask = 2147483647;
			files = (
			);
			runOnlyForDeploymentPostprocessing = 0;
		};
/* End PBXFrameworksBuildPhase section */

/* Begin PBXGroup section */
		D9650F3D1A671D9700E141E2 = {
			isa = PBXGroup;
			children = (
				D9650F481A671D9700E141E2 /* InstaBalada */,
				D9650F5E1A671D9800E141E2 /* InstaBaladaTests */,
				D9650F471A671D9700E141E2 /* Products */,
			);
			sourceTree = "<group>";
		};
		D9650F471A671D9700E141E2 /* Products */ = {
			isa = PBXGroup;
			children = (
				D9650F461A671D9700E141E2 /* InstaBalada.app */,
				D9650F5B1A671D9800E141E2 /* InstaBaladaTests.xctest */,
			);
			name = Products;
			sourceTree = "<group>";
		};
		D9650F481A671D9700E141E2 /* InstaBalada */ = {
			isa = PBXGroup;
			children = (
				D9650F4B1A671D9700E141E2 /* AppDelegate.swift */,
				D9650F4D1A671D9700E141E2 /* ViewController.swift */,
				D9650F4F1A671D9700E141E2 /* Main.storyboard */,
				D9650F521A671D9800E141E2 /* Images.xcassets */,
				D9650F541A671D9800E141E2 /* LaunchScreen.xib */,
				D9650F491A671D9700E141E2 /* Supporting Files */,
				D9650F871A671EE700E141E2 /* InstaBalada-Bridging-Header.h */,
			);
			path = InstaBalada;
			sourceTree = "<group>";
		};
		D9650F491A671D9700E141E2 /* Supporting Files */ = {
			isa = PBXGroup;
			children = (
				D9650F861A671EA400E141E2 /* Frameworks */,
				D9650F4A1A671D9700E141E2 /* Info.plist */,
			);
			name = "Supporting Files";
			sourceTree = "<group>";
		};
		D9650F5E1A671D9800E141E2 /* InstaBaladaTests */ = {
			isa = PBXGroup;
			children = (
				D9650F611A671D9800E141E2 /* InstaBaladaTests.swift */,
				D9650F5F1A671D9800E141E2 /* Supporting Files */,
			);
			path = InstaBaladaTests;
			sourceTree = "<group>";
		};
		D9650F5F1A671D9800E141E2 /* Supporting Files */ = {
			isa = PBXGroup;
			children = (
				D9650F601A671D9800E141E2 /* Info.plist */,
			);
			name = "Supporting Files";
			sourceTree = "<group>";
		};
		D9650F861A671EA400E141E2 /* Frameworks */ = {
			isa = PBXGroup;
			children = (
				D9650F6B1A671DB500E141E2 /* Bolts.framework */,
				D9650F6C1A671DB500E141E2 /* Parse.framework */,
				D9650F831A671E7900E141E2 /* libsqlite3.dylib */,
				D9650F811A671E6B00E141E2 /* libz.dylib */,
				D9650F7F1A671E6100E141E2 /* SystemConfiguration.framework */,
				D9650F7D1A671E5700E141E2 /* StoreKit.framework */,
				D9650F7B1A671E4E00E141E2 /* Security.framework */,
				D9650F791A671E3700E141E2 /* QuartzCore.framework */,
				D9650F771A671E2C00E141E2 /* MobileCoreServices.framework */,
				D9650F751A671E2200E141E2 /* CoreLocation.framework */,
				D9650F731A671E0E00E141E2 /* CoreGraphics.framework */,
				D9650F711A671DFD00E141E2 /* CFNetwork.framework */,
				D9650F6F1A671DF200E141E2 /* AudioToolbox.framework */,
			);
			name = Frameworks;
			sourceTree = "<group>";
		};
/* End PBXGroup section */

/* Begin PBXNativeTarget section */
		D9650F451A671D9700E141E2 /* InstaBalada */ = {
			isa = PBXNativeTarget;
			buildConfigurationList = D9650F651A671D9800E141E2 /* Build configuration list for PBXNativeTarget "InstaBalada" */;
			buildPhases = (
				D9650F421A671D9700E141E2 /* Sources */,
				D9650F431A671D9700E141E2 /* Frameworks */,
				D9650F441A671D9700E141E2 /* Resources */,
			);
			buildRules = (
			);
			dependencies = (
			);
			name = InstaBalada;
			productName = InstaBalada;
			productReference = D9650F461A671D9700E141E2 /* InstaBalada.app */;
			productType = "com.apple.product-type.application";
		};
		D9650F5A1A671D9800E141E2 /* InstaBaladaTests */ = {
			isa = PBXNativeTarget;
			buildConfigurationList = D9650F681A671D9800E141E2 /* Build configuration list for PBXNativeTarget "InstaBaladaTests" */;
			buildPhases = (
				D9650F571A671D9800E141E2 /* Sources */,
				D9650F581A671D9800E141E2 /* Frameworks */,
				D9650F591A671D9800E141E2 /* Resources */,
			);
			buildRules = (
			);
			dependencies = (
				D9650F5D1A671D9800E141E2 /* PBXTargetDependency */,
			);
			name = InstaBaladaTests;
			productName = InstaBaladaTests;
			productReference = D9650F5B1A671D9800E141E2 /* InstaBaladaTests.xctest */;
			productType = "com.apple.product-type.bundle.unit-test";
		};
/* End PBXNativeTarget section */

/* Begin PBXProject section */
		D9650F3E1A671D9700E141E2 /* Project object */ = {
			isa = PBXProject;
			attributes = {
				LastUpgradeCheck = 0610;
				ORGANIZATIONNAME = "Diogo Ribeiro de Oliveira";
				TargetAttributes = {
					D9650F451A671D9700E141E2 = {
						CreatedOnToolsVersion = 6.1.1;
					};
					D9650F5A1A671D9800E141E2 = {
						CreatedOnToolsVersion = 6.1.1;
						TestTargetID = D9650F451A671D9700E141E2;
					};
				};
			};
			buildConfigurationList = D9650F411A671D9700E141E2 /* Build configuration list for PBXProject "InstaBalada" */;
			compatibilityVersion = "Xcode 3.2";
			developmentRegion = English;
			hasScannedForEncodings = 0;
			knownRegions = (
				en,
				Base,
			);
			mainGroup = D9650F3D1A671D9700E141E2;
			productRefGroup = D9650F471A671D9700E141E2 /* Products */;
			projectDirPath = "";
			projectRoot = "";
			targets = (
				D9650F451A671D9700E141E2 /* InstaBalada */,
				D9650F5A1A671D9800E141E2 /* InstaBaladaTests */,
			);
		};
/* End PBXProject section */

/* Begin PBXResourcesBuildPhase section */
		D9650F441A671D9700E141E2 /* Resources */ = {
			isa = PBXResourcesBuildPhase;
			buildActionMask = 2147483647;
			files = (
				D9650F511A671D9700E141E2 /* Main.storyboard in Resources */,
				D9650F561A671D9800E141E2 /* LaunchScreen.xib in Resources */,
				D9650F531A671D9800E141E2 /* Images.xcassets in Resources */,
			);
			runOnlyForDeploymentPostprocessing = 0;
		};
		D9650F591A671D9800E141E2 /* Resources */ = {
			isa = PBXResourcesBuildPhase;
			buildActionMask = 2147483647;
			files = (
			);
			runOnlyForDeploymentPostprocessing = 0;
		};
/* End PBXResourcesBuildPhase section */

/* Begin PBXSourcesBuildPhase section */
		D9650F421A671D9700E141E2 /* Sources */ = {
			isa = PBXSourcesBuildPhase;
			buildActionMask = 2147483647;
			files = (
				D9650F4E1A671D9700E141E2 /* ViewController.swift in Sources */,
				D9650F4C1A671D9700E141E2 /* AppDelegate.swift in Sources */,
			);
			runOnlyForDeploymentPostprocessing = 0;
		};
		D9650F571A671D9800E141E2 /* Sources */ = {
			isa = PBXSourcesBuildPhase;
			buildActionMask = 2147483647;
			files = (
				D9650F621A671D9800E141E2 /* InstaBaladaTests.swift in Sources */,
			);
			runOnlyForDeploymentPostprocessing = 0;
		};
/* End PBXSourcesBuildPhase section */

/* Begin PBXTargetDependency section */
		D9650F5D1A671D9800E141E2 /* PBXTargetDependency */ = {
			isa = PBXTargetDependency;
			target = D9650F451A671D9700E141E2 /* InstaBalada */;
			targetProxy = D9650F5C1A671D9800E141E2 /* PBXContainerItemProxy */;
		};
/* End PBXTargetDependency section */

/* Begin PBXVariantGroup section */
		D9650F4F1A671D9700E141E2 /* Main.storyboard */ = {
			isa = PBXVariantGroup;
			children = (
				D9650F501A671D9700E141E2 /* Base */,
			);
			name = Main.storyboard;
			sourceTree = "<group>";
		};
		D9650F541A671D9800E141E2 /* LaunchScreen.xib */ = {
			isa = PBXVariantGroup;
			children = (
				D9650F551A671D9800E141E2 /* Base */,
			);
			name = LaunchScreen.xib;
			sourceTree = "<group>";
		};
/* End PBXVariantGroup section */

/* Begin XCBuildConfiguration section */
		D9650F631A671D9800E141E2 /* Debug */ = {
			isa = XCBuildConfiguration;
			buildSettings = {
				ALWAYS_SEARCH_USER_PATHS = NO;
				CLANG_CXX_LANGUAGE_STANDARD = "gnu++0x";
				CLANG_CXX_LIBRARY = "libc++";
				CLANG_ENABLE_MODULES = YES;
				CLANG_ENABLE_OBJC_ARC = YES;
				CLANG_WARN_BOOL_CONVERSION = YES;
				CLANG_WARN_CONSTANT_CONVERSION = YES;
				CLANG_WARN_DIRECT_OBJC_ISA_USAGE = YES_ERROR;
				CLANG_WARN_EMPTY_BODY = YES;
				CLANG_WARN_ENUM_CONVERSION = YES;
				CLANG_WARN_INT_CONVERSION = YES;
				CLANG_WARN_OBJC_ROOT_CLASS = YES_ERROR;
				CLANG_WARN_UNREACHABLE_CODE = YES;
				CLANG_WARN__DUPLICATE_METHOD_MATCH = YES;
				"CODE_SIGN_IDENTITY[sdk=iphoneos*]" = "iPhone Developer";
				COPY_PHASE_STRIP = NO;
				ENABLE_STRICT_OBJC_MSGSEND = YES;
				GCC_C_LANGUAGE_STANDARD = gnu99;
				GCC_DYNAMIC_NO_PIC = NO;
				GCC_OPTIMIZATION_LEVEL = 0;
				GCC_PREPROCESSOR_DEFINITIONS = (
					"DEBUG=1",
					"$(inherited)",
				);
				GCC_SYMBOLS_PRIVATE_EXTERN = NO;
				GCC_WARN_64_TO_32_BIT_CONVERSION = YES;
				GCC_WARN_ABOUT_RETURN_TYPE = YES_ERROR;
				GCC_WARN_UNDECLARED_SELECTOR = YES;
				GCC_WARN_UNINITIALIZED_AUTOS = YES_AGGRESSIVE;
				GCC_WARN_UNUSED_FUNCTION = YES;
				GCC_WARN_UNUSED_VARIABLE = YES;
				IPHONEOS_DEPLOYMENT_TARGET = 8.1;
				MTL_ENABLE_DEBUG_INFO = YES;
				ONLY_ACTIVE_ARCH = YES;
				SDKROOT = iphoneos;
				SWIFT_OPTIMIZATION_LEVEL = "-Onone";
				TARGETED_DEVICE_FAMILY = "1,2";
			};
			name = Debug;
		};
		D9650F641A671D9800E141E2 /* Release */ = {
			isa = XCBuildConfiguration;
			buildSettings = {
				ALWAYS_SEARCH_USER_PATHS = NO;
				CLANG_CXX_LANGUAGE_STANDARD = "gnu++0x";
				CLANG_CXX_LIBRARY = "libc++";
				CLANG_ENABLE_MODULES = YES;
				CLANG_ENABLE_OBJC_ARC = YES;
				CLANG_WARN_BOOL_CONVERSION = YES;
				CLANG_WARN_CONSTANT_CONVERSION = YES;
				CLANG_WARN_DIRECT_OBJC_ISA_USAGE = YES_ERROR;
				CLANG_WARN_EMPTY_BODY = YES;
				CLANG_WARN_ENUM_CONVERSION = YES;
				CLANG_WARN_INT_CONVERSION = YES;
				CLANG_WARN_OBJC_ROOT_CLASS = YES_ERROR;
				CLANG_WARN_UNREACHABLE_CODE = YES;
				CLANG_WARN__DUPLICATE_METHOD_MATCH = YES;
				"CODE_SIGN_IDENTITY[sdk=iphoneos*]" = "iPhone Developer";
				COPY_PHASE_STRIP = YES;
				ENABLE_NS_ASSERTIONS = NO;
				ENABLE_STRICT_OBJC_MSGSEND = YES;
				GCC_C_LANGUAGE_STANDARD = gnu99;
				GCC_WARN_64_TO_32_BIT_CONVERSION = YES;
				GCC_WARN_ABOUT_RETURN_TYPE = YES_ERROR;
				GCC_WARN_UNDECLARED_SELECTOR = YES;
				GCC_WARN_UNINITIALIZED_AUTOS = YES_AGGRESSIVE;
				GCC_WARN_UNUSED_FUNCTION = YES;
				GCC_WARN_UNUSED_VARIABLE = YES;
				IPHONEOS_DEPLOYMENT_TARGET = 8.1;
				MTL_ENABLE_DEBUG_INFO = NO;
				SDKROOT = iphoneos;
				TARGETED_DEVICE_FAMILY = "1,2";
				VALIDATE_PRODUCT = YES;
			};
			name = Release;
		};
		D9650F661A671D9800E141E2 /* Debug */ = {
			isa = XCBuildConfiguration;
			buildSettings = {
				ASSETCATALOG_COMPILER_APPICON_NAME = AppIcon;
				CLANG_ENABLE_MODULES = YES;
				FRAMEWORK_SEARCH_PATHS = (
					"$(inherited)",
					"$(PROJECT_DIR)/InstaBalada",
				);
				INFOPLIST_FILE = InstaBalada/Info.plist;
				LD_RUNPATH_SEARCH_PATHS = "$(inherited) @executable_path/Frameworks";
				PRODUCT_NAME = "$(TARGET_NAME)";
				SWIFT_OBJC_BRIDGING_HEADER = "InstaBalada/InstaBalada-Bridging-Header.h";
				SWIFT_OPTIMIZATION_LEVEL = "-Onone";
			};
			name = Debug;
		};
		D9650F671A671D9800E141E2 /* Release */ = {
			isa = XCBuildConfiguration;
			buildSettings = {
				ASSETCATALOG_COMPILER_APPICON_NAME = AppIcon;
				CLANG_ENABLE_MODULES = YES;
				FRAMEWORK_SEARCH_PATHS = (
					"$(inherited)",
					"$(PROJECT_DIR)/InstaBalada",
				);
				INFOPLIST_FILE = InstaBalada/Info.plist;
				LD_RUNPATH_SEARCH_PATHS = "$(inherited) @executable_path/Frameworks";
				PRODUCT_NAME = "$(TARGET_NAME)";
				SWIFT_OBJC_BRIDGING_HEADER = "InstaBalada/InstaBalada-Bridging-Header.h";
			};
			name = Release;
		};
		D9650F691A671D9800E141E2 /* Debug */ = {
			isa = XCBuildConfiguration;
			buildSettings = {
				BUNDLE_LOADER = "$(TEST_HOST)";
				FRAMEWORK_SEARCH_PATHS = (
					"$(SDKROOT)/Developer/Library/Frameworks",
					"$(inherited)",
				);
				GCC_PREPROCESSOR_DEFINITIONS = (
					"DEBUG=1",
					"$(inherited)",
				);
				INFOPLIST_FILE = InstaBaladaTests/Info.plist;
				LD_RUNPATH_SEARCH_PATHS = "$(inherited) @executable_path/Frameworks @loader_path/Frameworks";
				PRODUCT_NAME = "$(TARGET_NAME)";
				TEST_HOST = "$(BUILT_PRODUCTS_DIR)/InstaBalada.app/InstaBalada";
			};
			name = Debug;
		};
		D9650F6A1A671D9800E141E2 /* Release */ = {
			isa = XCBuildConfiguration;
			buildSettings = {
				BUNDLE_LOADER = "$(TEST_HOST)";
				FRAMEWORK_SEARCH_PATHS = (
					"$(SDKROOT)/Developer/Library/Frameworks",
					"$(inherited)",
				);
				INFOPLIST_FILE = InstaBaladaTests/Info.plist;
				LD_RUNPATH_SEARCH_PATHS = "$(inherited) @executable_path/Frameworks @loader_path/Frameworks";
				PRODUCT_NAME = "$(TARGET_NAME)";
				TEST_HOST = "$(BUILT_PRODUCTS_DIR)/InstaBalada.app/InstaBalada";
			};
			name = Release;
		};
/* End XCBuildConfiguration section */

/* Begin XCConfigurationList section */
		D9650F411A671D9700E141E2 /* Build configuration list for PBXProject "InstaBalada" */ = {
			isa = XCConfigurationList;
			buildConfigurations = (
				D9650F631A671D9800E141E2 /* Debug */,
				D9650F641A671D9800E141E2 /* Release */,
			);
			defaultConfigurationIsVisible = 0;
			defaultConfigurationName = Release;
		};
		D9650F651A671D9800E141E2 /* Build configuration list for PBXNativeTarget "InstaBalada" */ = {
			isa = XCConfigurationList;
			buildConfigurations = (
				D9650F661A671D9800E141E2 /* Debug */,
				D9650F671A671D9800E141E2 /* Release */,
			);
			defaultConfigurationIsVisible = 0;
		};
		D9650F681A671D9800E141E2 /* Build configuration list for PBXNativeTarget "InstaBaladaTests" */ = {
			isa = XCConfigurationList;
			buildConfigurations = (
				D9650F691A671D9800E141E2 /* Debug */,
				D9650F6A1A671D9800E141E2 /* Release */,
			);
			defaultConfigurationIsVisible = 0;
		};
/* End XCConfigurationList section */
	};
	rootObject = D9650F3E1A671D9700E141E2 /* Project object */;
}
